
Microsoft Visual Studio Solution File, Format Version 12.00
# Visual Studio Version 17
VisualStudioVersion = 17.5.33516.290
MinimumVisualStudioVersion = 10.0.40219.1
Project("{FAE04EC0-301F-11D3-BF4B-00C04F79EFBC}") = "OF DL", "OF DL\OF DL.csproj", "{318B2CE3-D046-4276-A2CF-89E6DF32F1B3}"
EndProject
Global
	GlobalSection(SolutionConfigurationPlatforms) = preSolution
		Debug|Any CPU = Debug|Any CPU
		Release|Any CPU = Release|Any CPU
	EndGlobalSection
	GlobalSection(ProjectConfigurationPlatforms) = postSolution
		{318B2CE3-D046-4276-A2CF-89E6DF32F1B3}.Debug|Any CPU.ActiveCfg = Debug|Any CPU
		{318B2CE3-D046-4276-A2CF-89E6DF32F1B3}.Debug|Any CPU.Build.0 = Debug|Any CPU
		{318B2CE3-D046-4276-A2CF-89E6DF32F1B3}.Release|Any CPU.ActiveCfg = Release|Any CPU
		{318B2CE3-D046-4276-A2CF-89E6DF32F1B3}.Release|Any CPU.Build.0 = Release|Any CPU
	EndGlobalSection
	GlobalSection(SolutionProperties) = preSolution
		HideSolutionNode = FALSE
	EndGlobalSection
	GlobalSection(ExtensibilityGlobals) = postSolution
		SolutionGuid = {54D0035A-5593-4A55-AD35-A319DB9B7232}
	EndGlobalSection
EndGlobal
